{
  "pins" : [
    {
      "identity" : "bcswiftdcbor",
      "kind" : "remoteSourceControl",
      "location" : "https://github.com/BlockchainCommons/BCSwiftDCBOR",
      "state" : {
        "revision" : "a92c06cc77e7d6b2417a27c9b1d41d74d35c006a",
        "version" : "0.8.1"
      }
    },
    {
      "identity" : "bcswiftfloat16",
      "kind" : "remoteSourceControl",
      "location" : "https://github.com/blockchaincommons/BCSwiftFloat16.git",
      "state" : {
        "revision" : "0f364eb20ea3cd28cf8c39bdaf0acb5fe90bdcdb",
        "version" : "0.1.1"
      }
    },
    {
      "identity" : "codescanner",
      "kind" : "remoteSourceControl",
      "location" : "https://github.com/twostraws/CodeScanner",
      "state" : {
        "branch" : "main",
        "revision" : "65cd76bf88532eb4bfeaeb08981e87907e5f8da4"
      }
    },
    {
      "identity" : "keystone-sdk-ios",
      "kind" : "remoteSourceControl",
      "location" : "https://github.com/KeystoneHQ/keystone-sdk-ios.git",
      "state" : {
        "revision" : "ec2edb0528a9df413ba35c43692b4a07241fd6a5",
        "version" : "0.2.2"
      }
    },
    {
      "identity" : "swift-collections",
      "kind" : "remoteSourceControl",
      "location" : "https://github.com/wolfmcnally/swift-collections",
      "state" : {
        "revision" : "53a8adc54374f620002a3b6401d39e0feb3c57ae",
        "version" : "1.1.0"
      }
    },
    {
      "identity" : "urkit",
      "kind" : "remoteSourceControl",
      "location" : "https://github.com/BlockchainCommons/URKit",
      "state" : {
        "revision" : "5acb679d95ea1c1336b0bc4730a1ddca6020d6ea",
        "version" : "10.0.1"
      }
    }
  ],
  "version" : 2
}
